// !$*UTF8*$!
{
	archiveVersion = 1;
	classes = {
	};
	objectVersion = 46;
	objects = {

/* Begin PBXBuildFile section */
		63ADD2731DECA57F00F1F04E /* AppDelegate.swift in Sources */ = {isa = PBXBuildFile; fileRef = 63ADD2721DECA57F00F1F04E /* AppDelegate.swift */; };
		63ADD2751DECA57F00F1F04E /* ViewController.swift in Sources */ = {isa = PBXBuildFile; fileRef = 63ADD2741DECA57F00F1F04E /* ViewController.swift */; };
		63ADD2781DECA57F00F1F04E /* Main.storyboard in Resources */ = {isa = PBXBuildFile; fileRef = 63ADD2761DECA57F00F1F04E /* Main.storyboard */; };
		63ADD27A1DECA57F00F1F04E /* Assets.xcassets in Resources */ = {isa = PBXBuildFile; fileRef = 63ADD2791DECA57F00F1F04E /* Assets.xcassets */; };
		63ADD27D1DECA57F00F1F04E /* LaunchScreen.storyboard in Resources */ = {isa = PBXBuildFile; fileRef = 63ADD27B1DECA57F00F1F04E /* LaunchScreen.storyboard */; };
		63ADD2851DECA84E00F1F04E /* TVShowTableViewCell.swift in Sources */ = {isa = PBXBuildFile; fileRef = 63ADD2841DECA84E00F1F04E /* TVShowTableViewCell.swift */; };
		63ADD28B1DECAC1B00F1F04E /* TVShowViewController.swift in Sources */ = {isa = PBXBuildFile; fileRef = 63ADD28A1DECAC1B00F1F04E /* TVShowViewController.swift */; };
		63ADD28D1DECAD5D00F1F04E /* WebService.swift in Sources */ = {isa = PBXBuildFile; fileRef = 63ADD28C1DECAD5D00F1F04E /* WebService.swift */; };
		63ADD28F1DECB24500F1F04E /* CalendarWebService.swift in Sources */ = {isa = PBXBuildFile; fileRef = 63ADD28E1DECB24500F1F04E /* CalendarWebService.swift */; };
/* End PBXBuildFile section */

/* Begin PBXFileReference section */
		63ADD26F1DECA57F00F1F04E /* TV_Discovery.app */ = {isa = PBXFileReference; explicitFileType = wrapper.application; includeInIndex = 0; path = TV_Discovery.app; sourceTree = BUILT_PRODUCTS_DIR; };
		63ADD2721DECA57F00F1F04E /* AppDelegate.swift */ = {isa = PBXFileReference; lastKnownFileType = sourcecode.swift; path = AppDelegate.swift; sourceTree = "<group>"; };
		63ADD2741DECA57F00F1F04E /* ViewController.swift */ = {isa = PBXFileReference; lastKnownFileType = sourcecode.swift; path = ViewController.swift; sourceTree = "<group>"; };
		63ADD2771DECA57F00F1F04E /* Base */ = {isa = PBXFileReference; lastKnownFileType = file.storyboard; name = Base; path = Base.lproj/Main.storyboard; sourceTree = "<group>"; };
		63ADD2791DECA57F00F1F04E /* Assets.xcassets */ = {isa = PBXFileReference; lastKnownFileType = folder.assetcatalog; path = Assets.xcassets; sourceTree = "<group>"; };
		63ADD27C1DECA57F00F1F04E /* Base */ = {isa = PBXFileReference; lastKnownFileType = file.storyboard; name = Base; path = Base.lproj/LaunchScreen.storyboard; sourceTree = "<group>"; };
		63ADD27E1DECA57F00F1F04E /* Info.plist */ = {isa = PBXFileReference; lastKnownFileType = text.plist.xml; path = Info.plist; sourceTree = "<group>"; };
		63ADD2841DECA84E00F1F04E /* TVShowTableViewCell.swift */ = {isa = PBXFileReference; fileEncoding = 4; lastKnownFileType = sourcecode.swift; path = TVShowTableViewCell.swift; sourceTree = "<group>"; };
		63ADD28A1DECAC1B00F1F04E /* TVShowViewController.swift */ = {isa = PBXFileReference; fileEncoding = 4; lastKnownFileType = sourcecode.swift; path = TVShowViewController.swift; sourceTree = "<group>"; };
		63ADD28C1DECAD5D00F1F04E /* WebService.swift */ = {isa = PBXFileReference; fileEncoding = 4; lastKnownFileType = sourcecode.swift; path = WebService.swift; sourceTree = "<group>"; };
		63ADD28E1DECB24500F1F04E /* CalendarWebService.swift */ = {isa = PBXFileReference; fileEncoding = 4; lastKnownFileType = sourcecode.swift; path = CalendarWebService.swift; sourceTree = "<group>"; };
/* End PBXFileReference section */

/* Begin PBXFrameworksBuildPhase section */
		63ADD26C1DECA57E00F1F04E /* Frameworks */ = {
			isa = PBXFrameworksBuildPhase;
			buildActionMask = 2147483647;
			files = (
			);
			runOnlyForDeploymentPostprocessing = 0;
		};
/* End PBXFrameworksBuildPhase section */

/* Begin PBXGroup section */
		63ADD2661DECA57E00F1F04E = {
			isa = PBXGroup;
			children = (
				63ADD2711DECA57F00F1F04E /* TV_Discovery */,
				63ADD2701DECA57F00F1F04E /* Products */,
			);
			sourceTree = "<group>";
		};
		63ADD2701DECA57F00F1F04E /* Products */ = {
			isa = PBXGroup;
			children = (
				63ADD26F1DECA57F00F1F04E /* TV_Discovery.app */,
			);
			name = Products;
			sourceTree = "<group>";
		};
		63ADD2711DECA57F00F1F04E /* TV_Discovery */ = {
			isa = PBXGroup;
			children = (
				63ADD2891DECAB9400F1F04E /* Webservice */,
				63ADD2881DECAB7D00F1F04E /* ViewController */,
				63ADD2861DECAB6A00F1F04E /* Model */,
				63ADD2721DECA57F00F1F04E /* AppDelegate.swift */,
				63ADD2741DECA57F00F1F04E /* ViewController.swift */,
				63ADD2761DECA57F00F1F04E /* Main.storyboard */,
				63ADD2791DECA57F00F1F04E /* Assets.xcassets */,
				63ADD27B1DECA57F00F1F04E /* LaunchScreen.storyboard */,
				63ADD27E1DECA57F00F1F04E /* Info.plist */,
				63ADD2841DECA84E00F1F04E /* TVShowTableViewCell.swift */,
			);
			path = TV_Discovery;
			sourceTree = "<group>";
		};
		63ADD2861DECAB6A00F1F04E /* Model */ = {
			isa = PBXGroup;
			children = (
			);
			name = Model;
			sourceTree = "<group>";
		};
		63ADD2881DECAB7D00F1F04E /* ViewController */ = {
			isa = PBXGroup;
			children = (
				63ADD28A1DECAC1B00F1F04E /* TVShowViewController.swift */,
			);
			name = ViewController;
			sourceTree = "<group>";
		};
		63ADD2891DECAB9400F1F04E /* Webservice */ = {
			isa = PBXGroup;
			children = (
				63ADD28C1DECAD5D00F1F04E /* WebService.swift */,
				63ADD28E1DECB24500F1F04E /* CalendarWebService.swift */,
			);
			name = Webservice;
			sourceTree = "<group>";
		};
/* End PBXGroup section */

/* Begin PBXNativeTarget section */
		63ADD26E1DECA57E00F1F04E /* TV_Discovery */ = {
			isa = PBXNativeTarget;
			buildConfigurationList = 63ADD2811DECA57F00F1F04E /* Build configuration list for PBXNativeTarget "TV_Discovery" */;
			buildPhases = (
				63ADD26B1DECA57E00F1F04E /* Sources */,
				63ADD26C1DECA57E00F1F04E /* Frameworks */,
				63ADD26D1DECA57E00F1F04E /* Resources */,
			);
			buildRules = (
			);
			dependencies = (
			);
			name = TV_Discovery;
			productName = TV_Discovery;
			productReference = 63ADD26F1DECA57F00F1F04E /* TV_Discovery.app */;
			productType = "com.apple.product-type.application";
		};
/* End PBXNativeTarget section */

/* Begin PBXProject section */
		63ADD2671DECA57E00F1F04E /* Project object */ = {
			isa = PBXProject;
			attributes = {
				LastSwiftUpdateCheck = 0800;
				LastUpgradeCheck = 0800;
				ORGANIZATIONNAME = iOSKurs;
				TargetAttributes = {
					63ADD26E1DECA57E00F1F04E = {
						CreatedOnToolsVersion = 8.0;
						ProvisioningStyle = Automatic;
					};
				};
			};
			buildConfigurationList = 63ADD26A1DECA57E00F1F04E /* Build configuration list for PBXProject "TV_Discovery" */;
			compatibilityVersion = "Xcode 3.2";
			developmentRegion = English;
			hasScannedForEncodings = 0;
			knownRegions = (
				en,
				Base,
			);
			mainGroup = 63ADD2661DECA57E00F1F04E;
			productRefGroup = 63ADD2701DECA57F00F1F04E /* Products */;
			projectDirPath = "";
			projectRoot = "";
			targets = (
				63ADD26E1DECA57E00F1F04E /* TV_Discovery */,
			);
		};
/* End PBXProject section */

/* Begin PBXResourcesBuildPhase section */
		63ADD26D1DECA57E00F1F04E /* Resources */ = {
			isa = PBXResourcesBuildPhase;
			buildActionMask = 2147483647;
			files = (
				63ADD27D1DECA57F00F1F04E /* LaunchScreen.storyboard in Resources */,
				63ADD27A1DECA57F00F1F04E /* Assets.xcassets in Resources */,
				63ADD2781DECA57F00F1F04E /* Main.storyboard in Resources */,
			);
			runOnlyForDeploymentPostprocessing = 0;
		};
/* End PBXResourcesBuildPhase section */

/* Begin PBXSourcesBuildPhase section */
		63ADD26B1DECA57E00F1F04E /* Sources */ = {
			isa = PBXSourcesBuildPhase;
			buildActionMask = 2147483647;
			files = (
				63ADD2751DECA57F00F1F04E /* ViewController.swift in Sources */,
				63ADD2851DECA84E00F1F04E /* TVShowTableViewCell.swift in Sources */,
				63ADD28F1DECB24500F1F04E /* CalendarWebService.swift in Sources */,
				63ADD2731DECA57F00F1F04E /* AppDelegate.swift in Sources */,
				63ADD28D1DECAD5D00F1F04E /* WebService.swift in Sources */,
				63ADD28B1DECAC1B00F1F04E /* TVShowViewController.swift in Sources */,
			);
			runOnlyForDeploymentPostprocessing = 0;
		};
/* End PBXSourcesBuildPhase section */

/* Begin PBXVariantGroup section */
		63ADD2761DECA57F00F1F04E /* Main.storyboard */ = {
			isa = PBXVariantGroup;
			children = (
				63ADD2771DECA57F00F1F04E /* Base */,
			);
			name = Main.storyboard;
			sourceTree = "<group>";
		};
		63ADD27B1DECA57F00F1F04E /* LaunchScreen.storyboard */ = {
			isa = PBXVariantGroup;
			children = (
				63ADD27C1DECA57F00F1F04E /* Base */,
			);
			name = LaunchScreen.storyboard;
			sourceTree = "<group>";
		};
/* End PBXVariantGroup section */

/* Begin XCBuildConfiguration section */
		63ADD27F1DECA57F00F1F04E /* Debug */ = {
			isa = XCBuildConfiguration;
			buildSettings = {
				ALWAYS_SEARCH_USER_PATHS = NO;
				CLANG_ANALYZER_NONNULL = YES;
				CLANG_CXX_LANGUAGE_STANDARD = "gnu++0x";
				CLANG_CXX_LIBRARY = "libc++";
				CLANG_ENABLE_MODULES = YES;
				CLANG_ENABLE_OBJC_ARC = YES;
				CLANG_WARN_BOOL_CONVERSION = YES;
				CLANG_WARN_CONSTANT_CONVERSION = YES;
				CLANG_WARN_DIRECT_OBJC_ISA_USAGE = YES_ERROR;
				CLANG_WARN_DOCUMENTATION_COMMENTS = YES;
				CLANG_WARN_EMPTY_BODY = YES;
				CLANG_WARN_ENUM_CONVERSION = YES;
				CLANG_WARN_INFINITE_RECURSION = YES;
				CLANG_WARN_INT_CONVERSION = YES;
				CLANG_WARN_OBJC_ROOT_CLASS = YES_ERROR;
				CLANG_WARN_SUSPICIOUS_MOVES = YES;
				CLANG_WARN_UNREACHABLE_CODE = YES;
				CLANG_WARN__DUPLICATE_METHOD_MATCH = YES;
				"CODE_SIGN_IDENTITY[sdk=iphoneos*]" = "iPhone Developer";
				COPY_PHASE_STRIP = NO;
				DEBUG_INFORMATION_FORMAT = dwarf;
				ENABLE_STRICT_OBJC_MSGSEND = YES;
				ENABLE_TESTABILITY = YES;
				GCC_C_LANGUAGE_STANDARD = gnu99;
				GCC_DYNAMIC_NO_PIC = NO;
				GCC_NO_COMMON_BLOCKS = YES;
				GCC_OPTIMIZATION_LEVEL = 0;
				GCC_PREPROCESSOR_DEFINITIONS = (
					"DEBUG=1",
					"$(inherited)",
				);
				GCC_WARN_64_TO_32_BIT_CONVERSION = YES;
				GCC_WARN_ABOUT_RETURN_TYPE = YES_ERROR;
				GCC_WARN_UNDECLARED_SELECTOR = YES;
				GCC_WARN_UNINITIALIZED_AUTOS = YES_AGGRESSIVE;
				GCC_WARN_UNUSED_FUNCTION = YES;
				GCC_WARN_UNUSED_VARIABLE = YES;
				IPHONEOS_DEPLOYMENT_TARGET = 10.0;
				MTL_ENABLE_DEBUG_INFO = YES;
				ONLY_ACTIVE_ARCH = YES;
				SDKROOT = iphoneos;
				SWIFT_ACTIVE_COMPILATION_CONDITIONS = DEBUG;
				SWIFT_OPTIMIZATION_LEVEL = "-Onone";
			};
			name = Debug;
		};
		63ADD2801DECA57F00F1F04E /* Release */ = {
			isa = XCBuildConfiguration;
			buildSettings = {
				ALWAYS_SEARCH_USER_PATHS = NO;
				CLANG_ANALYZER_NONNULL = YES;
				CLANG_CXX_LANGUAGE_STANDARD = "gnu++0x";
				CLANG_CXX_LIBRARY = "libc++";
				CLANG_ENABLE_MODULES = YES;
				CLANG_ENABLE_OBJC_ARC = YES;
				CLANG_WARN_BOOL_CONVERSION = YES;
				CLANG_WARN_CONSTANT_CONVERSION = YES;
				CLANG_WARN_DIRECT_OBJC_ISA_USAGE = YES_ERROR;
				CLANG_WARN_DOCUMENTATION_COMMENTS = YES;
				CLANG_WARN_EMPTY_BODY = YES;
				CLANG_WARN_ENUM_CONVERSION = YES;
				CLANG_WARN_INFINITE_RECURSION = YES;
				CLANG_WARN_INT_CONVERSION = YES;
				CLANG_WARN_OBJC_ROOT_CLASS = YES_ERROR;
				CLANG_WARN_SUSPICIOUS_MOVES = YES;
				CLANG_WARN_UNREACHABLE_CODE = YES;
				CLANG_WARN__DUPLICATE_METHOD_MATCH = YES;
				"CODE_SIGN_IDENTITY[sdk=iphoneos*]" = "iPhone Developer";
				COPY_PHASE_STRIP = NO;
				DEBUG_INFORMATION_FORMAT = "dwarf-with-dsym";
				ENABLE_NS_ASSERTIONS = NO;
				ENABLE_STRICT_OBJC_MSGSEND = YES;
				GCC_C_LANGUAGE_STANDARD = gnu99;
				GCC_NO_COMMON_BLOCKS = YES;
				GCC_WARN_64_TO_32_BIT_CONVERSION = YES;
				GCC_WARN_ABOUT_RETURN_TYPE = YES_ERROR;
				GCC_WARN_UNDECLARED_SELECTOR = YES;
				GCC_WARN_UNINITIALIZED_AUTOS = YES_AGGRESSIVE;
				GCC_WARN_UNUSED_FUNCTION = YES;
				GCC_WARN_UNUSED_VARIABLE = YES;
				IPHONEOS_DEPLOYMENT_TARGET = 10.0;
				MTL_ENABLE_DEBUG_INFO = NO;
				SDKROOT = iphoneos;
				SWIFT_OPTIMIZATION_LEVEL = "-Owholemodule";
				VALIDATE_PRODUCT = YES;
			};
			name = Release;
		};
		63ADD2821DECA57F00F1F04E /* Debug */ = {
			isa = XCBuildConfiguration;
			buildSettings = {
				ASSETCATALOG_COMPILER_APPICON_NAME = AppIcon;
				INFOPLIST_FILE = TV_Discovery/Info.plist;
				LD_RUNPATH_SEARCH_PATHS = "$(inherited) @executable_path/Frameworks";
				PRODUCT_BUNDLE_IDENTIFIER = "ch.ioskurs.TV-Discovery";
				PRODUCT_NAME = "$(TARGET_NAME)";
				SWIFT_VERSION = 3.0;
			};
			name = Debug;
		};
		63ADD2831DECA57F00F1F04E /* Release */ = {
			isa = XCBuildConfiguration;
			buildSettings = {
				ASSETCATALOG_COMPILER_APPICON_NAME = AppIcon;
				INFOPLIST_FILE = TV_Discovery/Info.plist;
				LD_RUNPATH_SEARCH_PATHS = "$(inherited) @executable_path/Frameworks";
				PRODUCT_BUNDLE_IDENTIFIER = "ch.ioskurs.TV-Discovery";
				PRODUCT_NAME = "$(TARGET_NAME)";
				SWIFT_VERSION = 3.0;
			};
			name = Release;
		};
/* End XCBuildConfiguration section */

/* Begin XCConfigurationList section */
		63ADD26A1DECA57E00F1F04E /* Build configuration list for PBXProject "TV_Discovery" */ = {
			isa = XCConfigurationList;
			buildConfigurations = (
				63ADD27F1DECA57F00F1F04E /* Debug */,
				63ADD2801DECA57F00F1F04E /* Release */,
			);
			defaultConfigurationIsVisible = 0;
			defaultConfigurationName = Release;
		};
		63ADD2811DECA57F00F1F04E /* Build configuration list for PBXNativeTarget "TV_Discovery" */ = {
			isa = XCConfigurationList;
			buildConfigurations = (
				63ADD2821DECA57F00F1F04E /* Debug */,
				63ADD2831DECA57F00F1F04E /* Release */,
			);
			defaultConfigurationIsVisible = 0;
		};
/* End XCConfigurationList section */
	};
	rootObject = 63ADD2671DECA57E00F1F04E /* Project object */;
}
